
Microsoft Visual Studio Solution File, Format Version 12.00
# Visual Studio Version 17
VisualStudioVersion = 17.5.33424.131
MinimumVisualStudioVersion = 10.0.40219.1
Project("{F184B08F-C81C-45F6-A57F-5ABD9991F28F}") = "VisualBasic", "VisualBasic\VisualBasic.vbproj", "{E20B5D4C-5A2E-4B2C-8B56-59A7CBFEDABC}"
EndProject
Global
	GlobalSection(SolutionConfigurationPlatforms) = preSolution
		Debug|Any CPU = Debug|Any CPU
		Release|Any CPU = Release|Any CPU
	EndGlobalSection
	GlobalSection(ProjectConfigurationPlatforms) = postSolution
		{E20B5D4C-5A2E-4B2C-8B56-59A7CBFEDABC}.Debug|Any CPU.ActiveCfg = Debug|Any CPU
		{E20B5D4C-5A2E-4B2C-8B56-59A7CBFEDABC}.Debug|Any CPU.Build.0 = Debug|Any CPU
		{E20B5D4C-5A2E-4B2C-8B56-59A7CBFEDABC}.Release|Any CPU.ActiveCfg = Release|Any CPU
		{E20B5D4C-5A2E-4B2C-8B56-59A7CBFEDABC}.Release|Any CPU.Build.0 = Release|Any CPU
	EndGlobalSection
	GlobalSection(SolutionProperties) = preSolution
		HideSolutionNode = FALSE
	EndGlobalSection
	GlobalSection(ExtensibilityGlobals) = postSolution
		SolutionGuid = {85C91D78-2C9B-4164-A268-F37646D486C5}
	EndGlobalSection
EndGlobal
